{
  "name": "bsdiff-node",
  "version": "1.0.0",
  "lockfileVersion": 2,
  "requires": true,
  "packages": {
    "": {
      "name": "bsdiff-node",
      "version": "1.0.0",
      "license": "ISC",
      "dependencies": {
        "bsdiff-node": "^2.5.0"
      }
    },
    "node_modules/bsdiff-node": {
      "version": "2.5.0",
      "resolved": "https://registry.npmjs.org/bsdiff-node/-/bsdiff-node-2.5.0.tgz",
      "integrity": "sha512-efTHSHFd/t65Ui7HiGOGr5dMg7X35zHOHWPVngpkEbsr4UtwkHi/BZ5AFFIeVo6Tp4yNX3T62uW2E00ptJrifg==",
      "hasInstallScript": true,
      "dependencies": {
        "nan": "^2.18.0"
      }
    },
    "node_modules/nan": {
      "version": "2.19.0",
      "resolved": "https://registry.npmjs.org/nan/-/nan-2.19.0.tgz",
      "integrity": "sha512-nO1xXxfh/RWNxfd/XPfbIfFk5vgLsAxUR9y5O0cHMJu/AW9U95JLXqthYHjEp+8gQ5p96K9jUp8nbVOxCdRbtw=="
    }
  },
  "dependencies": {
    "bsdiff-node": {
      "version": "2.5.0",
      "resolved": "https://registry.npmjs.org/bsdiff-node/-/bsdiff-node-2.5.0.tgz",
      "integrity": "sha512-efTHSHFd/t65Ui7HiGOGr5dMg7X35zHOHWPVngpkEbsr4UtwkHi/BZ5AFFIeVo6Tp4yNX3T62uW2E00ptJrifg==",
      "requires": {
        "nan": "^2.18.0"
      }
    },
    "nan": {
      "version": "2.19.0",
      "resolved": "https://registry.npmjs.org/nan/-/nan-2.19.0.tgz",
      "integrity": "sha512-nO1xXxfh/RWNxfd/XPfbIfFk5vgLsAxUR9y5O0cHMJu/AW9U95JLXqthYHjEp+8gQ5p96K9jUp8nbVOxCdRbtw=="
    }
  }
}
